
Microsoft Visual Studio Solution File, Format Version 11.00
# Visual Studio 2010
Project("{FAE04EC0-301F-11D3-BF4B-00C04F79EFBC}") = "ModuloClinica", "ModuloClinica\ModuloClinica.csproj", "{79E7BAD8-7F4F-4CC1-821A-26BBA663EA9F}"
EndProject
Global
	GlobalSection(SolutionConfigurationPlatforms) = preSolution
		Debug|x64 = Debug|x64
		Debug|x86 = Debug|x86
		Release|x64 = Release|x64
		Release|x86 = Release|x86
	EndGlobalSection
	GlobalSection(ProjectConfigurationPlatforms) = postSolution
		{79E7BAD8-7F4F-4CC1-821A-26BBA663EA9F}.Debug|x64.ActiveCfg = Debug|x86
		{79E7BAD8-7F4F-4CC1-821A-26BBA663EA9F}.Debug|x64.Build.0 = Debug|x86
		{79E7BAD8-7F4F-4CC1-821A-26BBA663EA9F}.Debug|x86.ActiveCfg = Debug|x86
		{79E7BAD8-7F4F-4CC1-821A-26BBA663EA9F}.Debug|x86.Build.0 = Debug|x86
		{79E7BAD8-7F4F-4CC1-821A-26BBA663EA9F}.Release|x64.ActiveCfg = Release|x64
		{79E7BAD8-7F4F-4CC1-821A-26BBA663EA9F}.Release|x64.Build.0 = Release|x64
		{79E7BAD8-7F4F-4CC1-821A-26BBA663EA9F}.Release|x86.ActiveCfg = Debug|x86
		{79E7BAD8-7F4F-4CC1-821A-26BBA663EA9F}.Release|x86.Build.0 = Debug|x86
	EndGlobalSection
	GlobalSection(SolutionProperties) = preSolution
		HideSolutionNode = FALSE
	EndGlobalSection
EndGlobal
